// !$*UTF8*$!
{
	archiveVersion = 1;
	classes = {
	};
	objectVersion = 55;
	objects = {

/* Begin PBXBuildFile section */
		3D12E02E2707185A0087157F /* AppDelegate.swift in Sources */ = {isa = PBXBuildFile; fileRef = 3D12E02D2707185A0087157F /* AppDelegate.swift */; };
		3D12E0302707185A0087157F /* SceneDelegate.swift in Sources */ = {isa = PBXBuildFile; fileRef = 3D12E02F2707185A0087157F /* SceneDelegate.swift */; };
		3D12E0322707185A0087157F /* SearchViewController.swift in Sources */ = {isa = PBXBuildFile; fileRef = 3D12E0312707185A0087157F /* SearchViewController.swift */; };
		3D12E0352707185A0087157F /* Main.storyboard in Resources */ = {isa = PBXBuildFile; fileRef = 3D12E0332707185A0087157F /* Main.storyboard */; };
		3D12E0372707185B0087157F /* Assets.xcassets in Resources */ = {isa = PBXBuildFile; fileRef = 3D12E0362707185B0087157F /* Assets.xcassets */; };
		3D12E03A2707185B0087157F /* LaunchScreen.storyboard in Resources */ = {isa = PBXBuildFile; fileRef = 3D12E0382707185B0087157F /* LaunchScreen.storyboard */; };
		3D12E04227072E370087157F /* SearchResult.swift in Sources */ = {isa = PBXBuildFile; fileRef = 3D12E04127072E370087157F /* SearchResult.swift */; };
		3D12E0442708A3110087157F /* SearchResultCell.xib in Resources */ = {isa = PBXBuildFile; fileRef = 3D12E0432708A3110087157F /* SearchResultCell.xib */; };
		3D12E0462708AAB60087157F /* SearchResultCell.swift in Sources */ = {isa = PBXBuildFile; fileRef = 3D12E0452708AAB60087157F /* SearchResultCell.swift */; };
		3D12E0482708AE870087157F /* NothingFoundCell.xib in Resources */ = {isa = PBXBuildFile; fileRef = 3D12E0472708AE870087157F /* NothingFoundCell.xib */; };
		3D12E04A2708D0670087157F /* LoadingCell.xib in Resources */ = {isa = PBXBuildFile; fileRef = 3D12E0492708D0670087157F /* LoadingCell.xib */; };
		3D12E04C2708E0310087157F /* UIImageView+DownloadImage.swift in Sources */ = {isa = PBXBuildFile; fileRef = 3D12E04B2708E0300087157F /* UIImageView+DownloadImage.swift */; };
		3DFDD7012709FAEA004BBF86 /* RepositoriesTableViewController.swift in Sources */ = {isa = PBXBuildFile; fileRef = 3DFDD7002709FAEA004BBF86 /* RepositoriesTableViewController.swift */; };
		3DFDD703270ACB21004BBF86 /* RepositCell.xib in Resources */ = {isa = PBXBuildFile; fileRef = 3DFDD702270ACB21004BBF86 /* RepositCell.xib */; };
		3DFDD705270ACCDA004BBF86 /* RepositCell.swift in Sources */ = {isa = PBXBuildFile; fileRef = 3DFDD704270ACCDA004BBF86 /* RepositCell.swift */; };
		3DFDD707270C337F004BBF86 /* Parser.swift in Sources */ = {isa = PBXBuildFile; fileRef = 3DFDD706270C337F004BBF86 /* Parser.swift */; };
/* End PBXBuildFile section */

/* Begin PBXFileReference section */
		3D12E02A2707185A0087157F /* GitSearch.app */ = {isa = PBXFileReference; explicitFileType = wrapper.application; includeInIndex = 0; path = GitSearch.app; sourceTree = BUILT_PRODUCTS_DIR; };
		3D12E02D2707185A0087157F /* AppDelegate.swift */ = {isa = PBXFileReference; lastKnownFileType = sourcecode.swift; path = AppDelegate.swift; sourceTree = "<group>"; };
		3D12E02F2707185A0087157F /* SceneDelegate.swift */ = {isa = PBXFileReference; lastKnownFileType = sourcecode.swift; path = SceneDelegate.swift; sourceTree = "<group>"; };
		3D12E0312707185A0087157F /* SearchViewController.swift */ = {isa = PBXFileReference; lastKnownFileType = sourcecode.swift; path = SearchViewController.swift; sourceTree = "<group>"; };
		3D12E0342707185A0087157F /* Base */ = {isa = PBXFileReference; lastKnownFileType = file.storyboard; name = Base; path = Base.lproj/Main.storyboard; sourceTree = "<group>"; };
		3D12E0362707185B0087157F /* Assets.xcassets */ = {isa = PBXFileReference; lastKnownFileType = folder.assetcatalog; path = Assets.xcassets; sourceTree = "<group>"; };
		3D12E0392707185B0087157F /* Base */ = {isa = PBXFileReference; lastKnownFileType = file.storyboard; name = Base; path = Base.lproj/LaunchScreen.storyboard; sourceTree = "<group>"; };
		3D12E03B2707185B0087157F /* Info.plist */ = {isa = PBXFileReference; lastKnownFileType = text.plist.xml; path = Info.plist; sourceTree = "<group>"; };
		3D12E04127072E370087157F /* SearchResult.swift */ = {isa = PBXFileReference; lastKnownFileType = sourcecode.swift; path = SearchResult.swift; sourceTree = "<group>"; };
		3D12E0432708A3110087157F /* SearchResultCell.xib */ = {isa = PBXFileReference; lastKnownFileType = file.xib; path = SearchResultCell.xib; sourceTree = "<group>"; };
		3D12E0452708AAB60087157F /* SearchResultCell.swift */ = {isa = PBXFileReference; lastKnownFileType = sourcecode.swift; path = SearchResultCell.swift; sourceTree = "<group>"; };
		3D12E0472708AE870087157F /* NothingFoundCell.xib */ = {isa = PBXFileReference; lastKnownFileType = file.xib; path = NothingFoundCell.xib; sourceTree = "<group>"; };
		3D12E0492708D0670087157F /* LoadingCell.xib */ = {isa = PBXFileReference; lastKnownFileType = file.xib; path = LoadingCell.xib; sourceTree = "<group>"; };
		3D12E04B2708E0300087157F /* UIImageView+DownloadImage.swift */ = {isa = PBXFileReference; lastKnownFileType = sourcecode.swift; path = "UIImageView+DownloadImage.swift"; sourceTree = "<group>"; };
		3DFDD7002709FAEA004BBF86 /* RepositoriesTableViewController.swift */ = {isa = PBXFileReference; lastKnownFileType = sourcecode.swift; path = RepositoriesTableViewController.swift; sourceTree = "<group>"; };
		3DFDD702270ACB21004BBF86 /* RepositCell.xib */ = {isa = PBXFileReference; lastKnownFileType = file.xib; path = RepositCell.xib; sourceTree = "<group>"; };
		3DFDD704270ACCDA004BBF86 /* RepositCell.swift */ = {isa = PBXFileReference; lastKnownFileType = sourcecode.swift; path = RepositCell.swift; sourceTree = "<group>"; };
		3DFDD706270C337F004BBF86 /* Parser.swift */ = {isa = PBXFileReference; lastKnownFileType = sourcecode.swift; path = Parser.swift; sourceTree = "<group>"; };
/* End PBXFileReference section */

/* Begin PBXFrameworksBuildPhase section */
		3D12E0272707185A0087157F /* Frameworks */ = {
			isa = PBXFrameworksBuildPhase;
			buildActionMask = 2147483647;
			files = (
			);
			runOnlyForDeploymentPostprocessing = 0;
		};
/* End PBXFrameworksBuildPhase section */

/* Begin PBXGroup section */
		3D12E0212707185A0087157F = {
			isa = PBXGroup;
			children = (
				3D12E02C2707185A0087157F /* GitSearch */,
				3D12E02B2707185A0087157F /* Products */,
			);
			sourceTree = "<group>";
		};
		3D12E02B2707185A0087157F /* Products */ = {
			isa = PBXGroup;
			children = (
				3D12E02A2707185A0087157F /* GitSearch.app */,
			);
			name = Products;
			sourceTree = "<group>";
		};
		3D12E02C2707185A0087157F /* GitSearch */ = {
			isa = PBXGroup;
			children = (
				3D12E02D2707185A0087157F /* AppDelegate.swift */,
				3D12E02F2707185A0087157F /* SceneDelegate.swift */,
				3D12E0312707185A0087157F /* SearchViewController.swift */,
				3D12E0492708D0670087157F /* LoadingCell.xib */,
				3D12E0472708AE870087157F /* NothingFoundCell.xib */,
				3D12E0452708AAB60087157F /* SearchResultCell.swift */,
				3D12E04B2708E0300087157F /* UIImageView+DownloadImage.swift */,
				3D12E04127072E370087157F /* SearchResult.swift */,
				3D12E0432708A3110087157F /* SearchResultCell.xib */,
				3DFDD702270ACB21004BBF86 /* RepositCell.xib */,
				3DFDD704270ACCDA004BBF86 /* RepositCell.swift */,
				3D12E0332707185A0087157F /* Main.storyboard */,
				3DFDD7002709FAEA004BBF86 /* RepositoriesTableViewController.swift */,
				3DFDD706270C337F004BBF86 /* Parser.swift */,
				3D12E0362707185B0087157F /* Assets.xcassets */,
				3D12E0382707185B0087157F /* LaunchScreen.storyboard */,
				3D12E03B2707185B0087157F /* Info.plist */,
			);
			path = GitSearch;
			sourceTree = "<group>";
		};
/* End PBXGroup section */

/* Begin PBXNativeTarget section */
		3D12E0292707185A0087157F /* GitSearch */ = {
			isa = PBXNativeTarget;
			buildConfigurationList = 3D12E03E2707185B0087157F /* Build configuration list for PBXNativeTarget "GitSearch" */;
			buildPhases = (
				3D12E0262707185A0087157F /* Sources */,
				3D12E0272707185A0087157F /* Frameworks */,
				3D12E0282707185A0087157F /* Resources */,
			);
			buildRules = (
			);
			dependencies = (
			);
			name = GitSearch;
			productName = GitSearch;
			productReference = 3D12E02A2707185A0087157F /* GitSearch.app */;
			productType = "com.apple.product-type.application";
		};
/* End PBXNativeTarget section */

/* Begin PBXProject section */
		3D12E0222707185A0087157F /* Project object */ = {
			isa = PBXProject;
			attributes = {
				BuildIndependentTargetsInParallel = 1;
				LastSwiftUpdateCheck = 1300;
				LastUpgradeCheck = 1300;
				TargetAttributes = {
					3D12E0292707185A0087157F = {
						CreatedOnToolsVersion = 13.0;
					};
				};
			};
			buildConfigurationList = 3D12E0252707185A0087157F /* Build configuration list for PBXProject "GitSearch" */;
			compatibilityVersion = "Xcode 13.0";
			developmentRegion = en;
			hasScannedForEncodings = 0;
			knownRegions = (
				en,
				Base,
			);
			mainGroup = 3D12E0212707185A0087157F;
			productRefGroup = 3D12E02B2707185A0087157F /* Products */;
			projectDirPath = "";
			projectRoot = "";
			targets = (
				3D12E0292707185A0087157F /* GitSearch */,
			);
		};
/* End PBXProject section */

/* Begin PBXResourcesBuildPhase section */
		3D12E0282707185A0087157F /* Resources */ = {
			isa = PBXResourcesBuildPhase;
			buildActionMask = 2147483647;
			files = (
				3D12E03A2707185B0087157F /* LaunchScreen.storyboard in Resources */,
				3D12E0372707185B0087157F /* Assets.xcassets in Resources */,
				3DFDD703270ACB21004BBF86 /* RepositCell.xib in Resources */,
				3D12E04A2708D0670087157F /* LoadingCell.xib in Resources */,
				3D12E0442708A3110087157F /* SearchResultCell.xib in Resources */,
				3D12E0482708AE870087157F /* NothingFoundCell.xib in Resources */,
				3D12E0352707185A0087157F /* Main.storyboard in Resources */,
			);
			runOnlyForDeploymentPostprocessing = 0;
		};
/* End PBXResourcesBuildPhase section */

/* Begin PBXSourcesBuildPhase section */
		3D12E0262707185A0087157F /* Sources */ = {
			isa = PBXSourcesBuildPhase;
			buildActionMask = 2147483647;
			files = (
				3D12E0322707185A0087157F /* SearchViewController.swift in Sources */,
				3D12E02E2707185A0087157F /* AppDelegate.swift in Sources */,
				3DFDD705270ACCDA004BBF86 /* RepositCell.swift in Sources */,
				3D12E04C2708E0310087157F /* UIImageView+DownloadImage.swift in Sources */,
				3D12E04227072E370087157F /* SearchResult.swift in Sources */,
				3DFDD707270C337F004BBF86 /* Parser.swift in Sources */,
				3DFDD7012709FAEA004BBF86 /* RepositoriesTableViewController.swift in Sources */,
				3D12E0302707185A0087157F /* SceneDelegate.swift in Sources */,
				3D12E0462708AAB60087157F /* SearchResultCell.swift in Sources */,
			);
			runOnlyForDeploymentPostprocessing = 0;
		};
/* End PBXSourcesBuildPhase section */

/* Begin PBXVariantGroup section */
		3D12E0332707185A0087157F /* Main.storyboard */ = {
			isa = PBXVariantGroup;
			children = (
				3D12E0342707185A0087157F /* Base */,
			);
			name = Main.storyboard;
			sourceTree = "<group>";
		};
		3D12E0382707185B0087157F /* LaunchScreen.storyboard */ = {
			isa = PBXVariantGroup;
			children = (
				3D12E0392707185B0087157F /* Base */,
			);
			name = LaunchScreen.storyboard;
			sourceTree = "<group>";
		};
/* End PBXVariantGroup section */

/* Begin XCBuildConfiguration section */
		3D12E03C2707185B0087157F /* Debug */ = {
			isa = XCBuildConfiguration;
			buildSettings = {
				ALWAYS_SEARCH_USER_PATHS = NO;
				CLANG_ANALYZER_NONNULL = YES;
				CLANG_ANALYZER_NUMBER_OBJECT_CONVERSION = YES_AGGRESSIVE;
				CLANG_CXX_LANGUAGE_STANDARD = "gnu++17";
				CLANG_CXX_LIBRARY = "libc++";
				CLANG_ENABLE_MODULES = YES;
				CLANG_ENABLE_OBJC_ARC = YES;
				CLANG_ENABLE_OBJC_WEAK = YES;
				CLANG_WARN_BLOCK_CAPTURE_AUTORELEASING = YES;
				CLANG_WARN_BOOL_CONVERSION = YES;
				CLANG_WARN_COMMA = YES;
				CLANG_WARN_CONSTANT_CONVERSION = YES;
				CLANG_WARN_DEPRECATED_OBJC_IMPLEMENTATIONS = YES;
				CLANG_WARN_DIRECT_OBJC_ISA_USAGE = YES_ERROR;
				CLANG_WARN_DOCUMENTATION_COMMENTS = YES;
				CLANG_WARN_EMPTY_BODY = YES;
				CLANG_WARN_ENUM_CONVERSION = YES;
				CLANG_WARN_INFINITE_RECURSION = YES;
				CLANG_WARN_INT_CONVERSION = YES;
				CLANG_WARN_NON_LITERAL_NULL_CONVERSION = YES;
				CLANG_WARN_OBJC_IMPLICIT_RETAIN_SELF = YES;
				CLANG_WARN_OBJC_LITERAL_CONVERSION = YES;
				CLANG_WARN_OBJC_ROOT_CLASS = YES_ERROR;
				CLANG_WARN_QUOTED_INCLUDE_IN_FRAMEWORK_HEADER = YES;
				CLANG_WARN_RANGE_LOOP_ANALYSIS = YES;
				CLANG_WARN_STRICT_PROTOTYPES = YES;
				CLANG_WARN_SUSPICIOUS_MOVE = YES;
				CLANG_WARN_UNGUARDED_AVAILABILITY = YES_AGGRESSIVE;
				CLANG_WARN_UNREACHABLE_CODE = YES;
				CLANG_WARN__DUPLICATE_METHOD_MATCH = YES;
				COPY_PHASE_STRIP = NO;
				DEBUG_INFORMATION_FORMAT = dwarf;
				ENABLE_STRICT_OBJC_MSGSEND = YES;
				ENABLE_TESTABILITY = YES;
				GCC_C_LANGUAGE_STANDARD = gnu11;
				GCC_DYNAMIC_NO_PIC = NO;
				GCC_NO_COMMON_BLOCKS = YES;
				GCC_OPTIMIZATION_LEVEL = 0;
				GCC_PREPROCESSOR_DEFINITIONS = (
					"DEBUG=1",
					"$(inherited)",
				);
				GCC_WARN_64_TO_32_BIT_CONVERSION = YES;
				GCC_WARN_ABOUT_RETURN_TYPE = YES_ERROR;
				GCC_WARN_UNDECLARED_SELECTOR = YES;
				GCC_WARN_UNINITIALIZED_AUTOS = YES_AGGRESSIVE;
				GCC_WARN_UNUSED_FUNCTION = YES;
				GCC_WARN_UNUSED_VARIABLE = YES;
				IPHONEOS_DEPLOYMENT_TARGET = 15.0;
				MTL_ENABLE_DEBUG_INFO = INCLUDE_SOURCE;
				MTL_FAST_MATH = YES;
				ONLY_ACTIVE_ARCH = YES;
				SDKROOT = iphoneos;
				SWIFT_ACTIVE_COMPILATION_CONDITIONS = DEBUG;
				SWIFT_OPTIMIZATION_LEVEL = "-Onone";
			};
			name = Debug;
		};
		3D12E03D2707185B0087157F /* Release */ = {
			isa = XCBuildConfiguration;
			buildSettings = {
				ALWAYS_SEARCH_USER_PATHS = NO;
				CLANG_ANALYZER_NONNULL = YES;
				CLANG_ANALYZER_NUMBER_OBJECT_CONVERSION = YES_AGGRESSIVE;
				CLANG_CXX_LANGUAGE_STANDARD = "gnu++17";
				CLANG_CXX_LIBRARY = "libc++";
				CLANG_ENABLE_MODULES = YES;
				CLANG_ENABLE_OBJC_ARC = YES;
				CLANG_ENABLE_OBJC_WEAK = YES;
				CLANG_WARN_BLOCK_CAPTURE_AUTORELEASING = YES;
				CLANG_WARN_BOOL_CONVERSION = YES;
				CLANG_WARN_COMMA = YES;
				CLANG_WARN_CONSTANT_CONVERSION = YES;
				CLANG_WARN_DEPRECATED_OBJC_IMPLEMENTATIONS = YES;
				CLANG_WARN_DIRECT_OBJC_ISA_USAGE = YES_ERROR;
				CLANG_WARN_DOCUMENTATION_COMMENTS = YES;
				CLANG_WARN_EMPTY_BODY = YES;
				CLANG_WARN_ENUM_CONVERSION = YES;
				CLANG_WARN_INFINITE_RECURSION = YES;
				CLANG_WARN_INT_CONVERSION = YES;
				CLANG_WARN_NON_LITERAL_NULL_CONVERSION = YES;
				CLANG_WARN_OBJC_IMPLICIT_RETAIN_SELF = YES;
				CLANG_WARN_OBJC_LITERAL_CONVERSION = YES;
				CLANG_WARN_OBJC_ROOT_CLASS = YES_ERROR;
				CLANG_WARN_QUOTED_INCLUDE_IN_FRAMEWORK_HEADER = YES;
				CLANG_WARN_RANGE_LOOP_ANALYSIS = YES;
				CLANG_WARN_STRICT_PROTOTYPES = YES;
				CLANG_WARN_SUSPICIOUS_MOVE = YES;
				CLANG_WARN_UNGUARDED_AVAILABILITY = YES_AGGRESSIVE;
				CLANG_WARN_UNREACHABLE_CODE = YES;
				CLANG_WARN__DUPLICATE_METHOD_MATCH = YES;
				COPY_PHASE_STRIP = NO;
				DEBUG_INFORMATION_FORMAT = "dwarf-with-dsym";
				ENABLE_NS_ASSERTIONS = NO;
				ENABLE_STRICT_OBJC_MSGSEND = YES;
				GCC_C_LANGUAGE_STANDARD = gnu11;
				GCC_NO_COMMON_BLOCKS = YES;
				GCC_WARN_64_TO_32_BIT_CONVERSION = YES;
				GCC_WARN_ABOUT_RETURN_TYPE = YES_ERROR;
				GCC_WARN_UNDECLARED_SELECTOR = YES;
				GCC_WARN_UNINITIALIZED_AUTOS = YES_AGGRESSIVE;
				GCC_WARN_UNUSED_FUNCTION = YES;
				GCC_WARN_UNUSED_VARIABLE = YES;
				IPHONEOS_DEPLOYMENT_TARGET = 15.0;
				MTL_ENABLE_DEBUG_INFO = NO;
				MTL_FAST_MATH = YES;
				SDKROOT = iphoneos;
				SWIFT_COMPILATION_MODE = wholemodule;
				SWIFT_OPTIMIZATION_LEVEL = "-O";
				VALIDATE_PRODUCT = YES;
			};
			name = Release;
		};
		3D12E03F2707185B0087157F /* Debug */ = {
			isa = XCBuildConfiguration;
			buildSettings = {
				ASSETCATALOG_COMPILER_APPICON_NAME = AppIcon;
				ASSETCATALOG_COMPILER_GLOBAL_ACCENT_COLOR_NAME = AccentColor;
				CODE_SIGN_STYLE = Automatic;
				CURRENT_PROJECT_VERSION = 1;
				DEVELOPMENT_TEAM = FDL37P4ZGF;
				GENERATE_INFOPLIST_FILE = YES;
				INFOPLIST_FILE = GitSearch/Info.plist;
				INFOPLIST_KEY_UIApplicationSupportsIndirectInputEvents = YES;
				INFOPLIST_KEY_UILaunchStoryboardName = LaunchScreen;
				INFOPLIST_KEY_UIMainStoryboardFile = Main;
				INFOPLIST_KEY_UISupportedInterfaceOrientations_iPad = "UIInterfaceOrientationPortrait UIInterfaceOrientationPortraitUpsideDown UIInterfaceOrientationLandscapeLeft UIInterfaceOrientationLandscapeRight";
				INFOPLIST_KEY_UISupportedInterfaceOrientations_iPhone = "UIInterfaceOrientationPortrait UIInterfaceOrientationLandscapeLeft UIInterfaceOrientationLandscapeRight";
				LD_RUNPATH_SEARCH_PATHS = (
					"$(inherited)",
					"@executable_path/Frameworks",
				);
				MARKETING_VERSION = 1.0;
				PRODUCT_BUNDLE_IDENTIFIER = com.AndreyBelov.GitSearch;
				PRODUCT_NAME = "$(TARGET_NAME)";
				SWIFT_EMIT_LOC_STRINGS = YES;
				SWIFT_VERSION = 5.0;
				TARGETED_DEVICE_FAMILY = "1,2";
			};
			name = Debug;
		};
		3D12E0402707185B0087157F /* Release */ = {
			isa = XCBuildConfiguration;
			buildSettings = {
				ASSETCATALOG_COMPILER_APPICON_NAME = AppIcon;
				ASSETCATALOG_COMPILER_GLOBAL_ACCENT_COLOR_NAME = AccentColor;
				CODE_SIGN_STYLE = Automatic;
				CURRENT_PROJECT_VERSION = 1;
				DEVELOPMENT_TEAM = FDL37P4ZGF;
				GENERATE_INFOPLIST_FILE = YES;
				INFOPLIST_FILE = GitSearch/Info.plist;
				INFOPLIST_KEY_UIApplicationSupportsIndirectInputEvents = YES;
				INFOPLIST_KEY_UILaunchStoryboardName = LaunchScreen;
				INFOPLIST_KEY_UIMainStoryboardFile = Main;
				INFOPLIST_KEY_UISupportedInterfaceOrientations_iPad = "UIInterfaceOrientationPortrait UIInterfaceOrientationPortraitUpsideDown UIInterfaceOrientationLandscapeLeft UIInterfaceOrientationLandscapeRight";
				INFOPLIST_KEY_UISupportedInterfaceOrientations_iPhone = "UIInterfaceOrientationPortrait UIInterfaceOrientationLandscapeLeft UIInterfaceOrientationLandscapeRight";
				LD_RUNPATH_SEARCH_PATHS = (
					"$(inherited)",
					"@executable_path/Frameworks",
				);
				MARKETING_VERSION = 1.0;
				PRODUCT_BUNDLE_IDENTIFIER = com.AndreyBelov.GitSearch;
				PRODUCT_NAME = "$(TARGET_NAME)";
				SWIFT_EMIT_LOC_STRINGS = YES;
				SWIFT_VERSION = 5.0;
				TARGETED_DEVICE_FAMILY = "1,2";
			};
			name = Release;
		};
/* End XCBuildConfiguration section */

/* Begin XCConfigurationList section */
		3D12E0252707185A0087157F /* Build configuration list for PBXProject "GitSearch" */ = {
			isa = XCConfigurationList;
			buildConfigurations = (
				3D12E03C2707185B0087157F /* Debug */,
				3D12E03D2707185B0087157F /* Release */,
			);
			defaultConfigurationIsVisible = 0;
			defaultConfigurationName = Release;
		};
		3D12E03E2707185B0087157F /* Build configuration list for PBXNativeTarget "GitSearch" */ = {
			isa = XCConfigurationList;
			buildConfigurations = (
				3D12E03F2707185B0087157F /* Debug */,
				3D12E0402707185B0087157F /* Release */,
			);
			defaultConfigurationIsVisible = 0;
			defaultConfigurationName = Release;
		};
/* End XCConfigurationList section */
	};
	rootObject = 3D12E0222707185A0087157F /* Project object */;
}
